
Microsoft Visual Studio Solution File, Format Version 12.00
Project("{FAE04EC0-301F-11D3-BF4B-00C04F79EFBC}") = "AuctionService", "src\AuctionService\AuctionService.csproj", "{0BE7A169-DB9F-44D8-8AA0-33A7057C3F02}"
EndProject
Project("{2150E333-8FDC-42A3-9474-1A3956D46DE8}") = "Solution Items", "Solution Items", "{128A7BAF-A045-4414-B13C-9BB758D69E95}"
	ProjectSection(SolutionItems) = preProject
		docker-compose.yaml = docker-compose.yaml
	EndProjectSection
EndProject
Project("{FAE04EC0-301F-11D3-BF4B-00C04F79EFBC}") = "SearchService", "src\SearchService\SearchService.csproj", "{DC043C3B-1708-401A-ACD9-7B51F9498E04}"
EndProject
Project("{FAE04EC0-301F-11D3-BF4B-00C04F79EFBC}") = "Contracts", "src\Contracts\Contracts.csproj", "{A5D51F52-4DE7-4412-A92D-F9FA0809B358}"
EndProject
Global
	GlobalSection(SolutionConfigurationPlatforms) = preSolution
		Debug|Any CPU = Debug|Any CPU
		Release|Any CPU = Release|Any CPU
	EndGlobalSection
	GlobalSection(ProjectConfigurationPlatforms) = postSolution
		{0BE7A169-DB9F-44D8-8AA0-33A7057C3F02}.Debug|Any CPU.ActiveCfg = Debug|Any CPU
		{0BE7A169-DB9F-44D8-8AA0-33A7057C3F02}.Debug|Any CPU.Build.0 = Debug|Any CPU
		{0BE7A169-DB9F-44D8-8AA0-33A7057C3F02}.Release|Any CPU.ActiveCfg = Release|Any CPU
		{0BE7A169-DB9F-44D8-8AA0-33A7057C3F02}.Release|Any CPU.Build.0 = Release|Any CPU
		{DC043C3B-1708-401A-ACD9-7B51F9498E04}.Debug|Any CPU.ActiveCfg = Debug|Any CPU
		{DC043C3B-1708-401A-ACD9-7B51F9498E04}.Debug|Any CPU.Build.0 = Debug|Any CPU
		{DC043C3B-1708-401A-ACD9-7B51F9498E04}.Release|Any CPU.ActiveCfg = Release|Any CPU
		{DC043C3B-1708-401A-ACD9-7B51F9498E04}.Release|Any CPU.Build.0 = Release|Any CPU
		{A5D51F52-4DE7-4412-A92D-F9FA0809B358}.Debug|Any CPU.ActiveCfg = Debug|Any CPU
		{A5D51F52-4DE7-4412-A92D-F9FA0809B358}.Debug|Any CPU.Build.0 = Debug|Any CPU
		{A5D51F52-4DE7-4412-A92D-F9FA0809B358}.Release|Any CPU.ActiveCfg = Release|Any CPU
		{A5D51F52-4DE7-4412-A92D-F9FA0809B358}.Release|Any CPU.Build.0 = Release|Any CPU
	EndGlobalSection
EndGlobal
